
Microsoft Visual Studio Solution File, Format Version 12.00
# Visual Studio Version 17
VisualStudioVersion = 17.5.002.0
MinimumVisualStudioVersion = 10.0.40219.1
Project("{9A19103F-16F7-4668-BE54-9A1E7A4F7556}") = "TheAmCo.Products", "TheAmCo.Products\TheAmCo.Products.csproj", "{DD9E2265-45C2-4ADD-AD23-BBA499B757CE}"
EndProject
Global
	GlobalSection(SolutionConfigurationPlatforms) = preSolution
		Debug|Any CPU = Debug|Any CPU
		Release|Any CPU = Release|Any CPU
	EndGlobalSection
	GlobalSection(ProjectConfigurationPlatforms) = postSolution
		{DD9E2265-45C2-4ADD-AD23-BBA499B757CE}.Debug|Any CPU.ActiveCfg = Debug|Any CPU
		{DD9E2265-45C2-4ADD-AD23-BBA499B757CE}.Debug|Any CPU.Build.0 = Debug|Any CPU
		{DD9E2265-45C2-4ADD-AD23-BBA499B757CE}.Release|Any CPU.ActiveCfg = Release|Any CPU
		{DD9E2265-45C2-4ADD-AD23-BBA499B757CE}.Release|Any CPU.Build.0 = Release|Any CPU
	EndGlobalSection
	GlobalSection(SolutionProperties) = preSolution
		HideSolutionNode = FALSE
	EndGlobalSection
	GlobalSection(ExtensibilityGlobals) = postSolution
		SolutionGuid = {15E8E324-D6CE-40BB-B7B9-EE05366DC7CF}
	EndGlobalSection
EndGlobal
